// !$*UTF8*$!
{
	archiveVersion = 1;
	classes = {
	};
	objectVersion = 46;
	objects = {

/* Begin PBXBuildFile section */
		1F5DEBE71C994B0C006293F6 /* main.m in Sources */ = {isa = PBXBuildFile; fileRef = 1F5DEBE61C994B0C006293F6 /* main.m */; };
		1F5DEBEA1C994B0C006293F6 /* AppDelegate.m in Sources */ = {isa = PBXBuildFile; fileRef = 1F5DEBE91C994B0C006293F6 /* AppDelegate.m */; };
		1F5DEBED1C994B0C006293F6 /* ViewController.m in Sources */ = {isa = PBXBuildFile; fileRef = 1F5DEBEC1C994B0C006293F6 /* ViewController.m */; };
		1F5DEBF01C994B0C006293F6 /* Main.storyboard in Resources */ = {isa = PBXBuildFile; fileRef = 1F5DEBEE1C994B0C006293F6 /* Main.storyboard */; };
		1F5DEBF21C994B0C006293F6 /* Assets.xcassets in Resources */ = {isa = PBXBuildFile; fileRef = 1F5DEBF11C994B0C006293F6 /* Assets.xcassets */; };
		1F5DEBF51C994B0C006293F6 /* LaunchScreen.storyboard in Resources */ = {isa = PBXBuildFile; fileRef = 1F5DEBF31C994B0C006293F6 /* LaunchScreen.storyboard */; };
		1FDBB0C51C9BEBA60075A174 /* CoreDataTests.m in Sources */ = {isa = PBXBuildFile; fileRef = 1FDBB0C41C9BEBA60075A174 /* CoreDataTests.m */; };
		A41EC2BF033BBFA72E67EBCB /* libPods-BabylonTest.a in Frameworks */ = {isa = PBXBuildFile; fileRef = ECAF8A4C4ED2DBBE2AC1B596 /* libPods-BabylonTest.a */; };
/* End PBXBuildFile section */

/* Begin PBXContainerItemProxy section */
		1F5DEBFC1C994B0C006293F6 /* PBXContainerItemProxy */ = {
			isa = PBXContainerItemProxy;
			containerPortal = 1F5DEBDA1C994B0C006293F6 /* Project object */;
			proxyType = 1;
			remoteGlobalIDString = 1F5DEBE11C994B0C006293F6;
			remoteInfo = BabylonTest;
		};
/* End PBXContainerItemProxy section */

/* Begin PBXFileReference section */
		1F5DEBE21C994B0C006293F6 /* BabylonTest.app */ = {isa = PBXFileReference; explicitFileType = wrapper.application; includeInIndex = 0; path = BabylonTest.app; sourceTree = BUILT_PRODUCTS_DIR; };
		1F5DEBE61C994B0C006293F6 /* main.m */ = {isa = PBXFileReference; lastKnownFileType = sourcecode.c.objc; path = main.m; sourceTree = "<group>"; };
		1F5DEBE81C994B0C006293F6 /* AppDelegate.h */ = {isa = PBXFileReference; lastKnownFileType = sourcecode.c.h; path = AppDelegate.h; sourceTree = "<group>"; };
		1F5DEBE91C994B0C006293F6 /* AppDelegate.m */ = {isa = PBXFileReference; lastKnownFileType = sourcecode.c.objc; path = AppDelegate.m; sourceTree = "<group>"; };
		1F5DEBEB1C994B0C006293F6 /* ViewController.h */ = {isa = PBXFileReference; lastKnownFileType = sourcecode.c.h; path = ViewController.h; sourceTree = "<group>"; };
		1F5DEBEC1C994B0C006293F6 /* ViewController.m */ = {isa = PBXFileReference; lastKnownFileType = sourcecode.c.objc; path = ViewController.m; sourceTree = "<group>"; };
		1F5DEBEF1C994B0C006293F6 /* Base */ = {isa = PBXFileReference; lastKnownFileType = file.storyboard; name = Base; path = Base.lproj/Main.storyboard; sourceTree = "<group>"; };
		1F5DEBF11C994B0C006293F6 /* Assets.xcassets */ = {isa = PBXFileReference; lastKnownFileType = folder.assetcatalog; path = Assets.xcassets; sourceTree = "<group>"; };
		1F5DEBF41C994B0C006293F6 /* Base */ = {isa = PBXFileReference; lastKnownFileType = file.storyboard; name = Base; path = Base.lproj/LaunchScreen.storyboard; sourceTree = "<group>"; };
		1F5DEBF61C994B0C006293F6 /* Info.plist */ = {isa = PBXFileReference; lastKnownFileType = text.plist.xml; path = Info.plist; sourceTree = "<group>"; };
		1F5DEBFB1C994B0C006293F6 /* BabylonTestTests.xctest */ = {isa = PBXFileReference; explicitFileType = wrapper.cfbundle; includeInIndex = 0; path = BabylonTestTests.xctest; sourceTree = BUILT_PRODUCTS_DIR; };
		1F5DEC011C994B0C006293F6 /* Info.plist */ = {isa = PBXFileReference; lastKnownFileType = text.plist.xml; path = Info.plist; sourceTree = "<group>"; };
		1FDBB0C31C9BEB350075A174 /* BabylonTest-Prefix.pch */ = {isa = PBXFileReference; fileEncoding = 4; lastKnownFileType = sourcecode.c.h; path = "BabylonTest-Prefix.pch"; sourceTree = "<group>"; };
		1FDBB0C41C9BEBA60075A174 /* CoreDataTests.m */ = {isa = PBXFileReference; fileEncoding = 4; lastKnownFileType = sourcecode.c.objc; path = CoreDataTests.m; sourceTree = "<group>"; };
		1FE865951C9BED0100A78A72 /* libPods-BabylonTest.a */ = {isa = PBXFileReference; lastKnownFileType = archive.ar; name = "libPods-BabylonTest.a"; path = "Pods/../build/Debug-iphoneos/libPods-BabylonTest.a"; sourceTree = "<group>"; };
		292AE7BE345E9FE9B78F4B7E /* Pods-BabylonTest.debug.xcconfig */ = {isa = PBXFileReference; includeInIndex = 1; lastKnownFileType = text.xcconfig; name = "Pods-BabylonTest.debug.xcconfig"; path = "Pods/Target Support Files/Pods-BabylonTest/Pods-BabylonTest.debug.xcconfig"; sourceTree = "<group>"; };
		DD9F890FAEB3D0C332564660 /* Pods-BabylonTest.release.xcconfig */ = {isa = PBXFileReference; includeInIndex = 1; lastKnownFileType = text.xcconfig; name = "Pods-BabylonTest.release.xcconfig"; path = "Pods/Target Support Files/Pods-BabylonTest/Pods-BabylonTest.release.xcconfig"; sourceTree = "<group>"; };
		ECAF8A4C4ED2DBBE2AC1B596 /* libPods-BabylonTest.a */ = {isa = PBXFileReference; explicitFileType = archive.ar; includeInIndex = 0; path = "libPods-BabylonTest.a"; sourceTree = BUILT_PRODUCTS_DIR; };
/* End PBXFileReference section */

/* Begin PBXFrameworksBuildPhase section */
		1F5DEBDF1C994B0C006293F6 /* Frameworks */ = {
			isa = PBXFrameworksBuildPhase;
			buildActionMask = 2147483647;
			files = (
				A41EC2BF033BBFA72E67EBCB /* libPods-BabylonTest.a in Frameworks */,
			);
			runOnlyForDeploymentPostprocessing = 0;
		};
		1F5DEBF81C994B0C006293F6 /* Frameworks */ = {
			isa = PBXFrameworksBuildPhase;
			buildActionMask = 2147483647;
			files = (
			);
			runOnlyForDeploymentPostprocessing = 0;
		};
/* End PBXFrameworksBuildPhase section */

/* Begin PBXGroup section */
		1C9EED940D1AF67914869BC9 /* Frameworks */ = {
			isa = PBXGroup;
			children = (
				1FE865951C9BED0100A78A72 /* libPods-BabylonTest.a */,
				ECAF8A4C4ED2DBBE2AC1B596 /* libPods-BabylonTest.a */,
			);
			name = Frameworks;
			sourceTree = "<group>";
		};
		1F5DEBD91C994B0C006293F6 = {
			isa = PBXGroup;
			children = (
				1F5DEBE41C994B0C006293F6 /* BabylonTest */,
				1F5DEBFE1C994B0C006293F6 /* BabylonTestTests */,
				1F5DEBE31C994B0C006293F6 /* Products */,
				DB4C64B8B81776A906550043 /* Pods */,
				1C9EED940D1AF67914869BC9 /* Frameworks */,
			);
			sourceTree = "<group>";
		};
		1F5DEBE31C994B0C006293F6 /* Products */ = {
			isa = PBXGroup;
			children = (
				1F5DEBE21C994B0C006293F6 /* BabylonTest.app */,
				1F5DEBFB1C994B0C006293F6 /* BabylonTestTests.xctest */,
			);
			name = Products;
			sourceTree = "<group>";
		};
		1F5DEBE41C994B0C006293F6 /* BabylonTest */ = {
			isa = PBXGroup;
			children = (
				1FE865971C9BF20F00A78A72 /* CoreData */,
				1F5DEBE81C994B0C006293F6 /* AppDelegate.h */,
				1F5DEBE91C994B0C006293F6 /* AppDelegate.m */,
				1F5DEBEB1C994B0C006293F6 /* ViewController.h */,
				1F5DEBEC1C994B0C006293F6 /* ViewController.m */,
				1F5DEBEE1C994B0C006293F6 /* Main.storyboard */,
				1F5DEBF11C994B0C006293F6 /* Assets.xcassets */,
				1F5DEBF31C994B0C006293F6 /* LaunchScreen.storyboard */,
				1F5DEBF61C994B0C006293F6 /* Info.plist */,
				1F5DEBE51C994B0C006293F6 /* Supporting Files */,
			);
			path = BabylonTest;
			sourceTree = "<group>";
		};
		1F5DEBE51C994B0C006293F6 /* Supporting Files */ = {
			isa = PBXGroup;
			children = (
				1FDBB0C31C9BEB350075A174 /* BabylonTest-Prefix.pch */,
				1F5DEBE61C994B0C006293F6 /* main.m */,
			);
			name = "Supporting Files";
			sourceTree = "<group>";
		};
		1F5DEBFE1C994B0C006293F6 /* BabylonTestTests */ = {
			isa = PBXGroup;
			children = (
				1F5DEC011C994B0C006293F6 /* Info.plist */,
				1FDBB0C41C9BEBA60075A174 /* CoreDataTests.m */,
			);
			path = BabylonTestTests;
			sourceTree = "<group>";
		};
		1FE865971C9BF20F00A78A72 /* CoreData */ = {
			isa = PBXGroup;
			children = (
			);
			name = CoreData;
			sourceTree = "<group>";
		};
		DB4C64B8B81776A906550043 /* Pods */ = {
			isa = PBXGroup;
			children = (
				292AE7BE345E9FE9B78F4B7E /* Pods-BabylonTest.debug.xcconfig */,
				DD9F890FAEB3D0C332564660 /* Pods-BabylonTest.release.xcconfig */,
			);
			name = Pods;
			sourceTree = "<group>";
		};
/* End PBXGroup section */

/* Begin PBXNativeTarget section */
		1F5DEBE11C994B0C006293F6 /* BabylonTest */ = {
			isa = PBXNativeTarget;
			buildConfigurationList = 1F5DEC041C994B0C006293F6 /* Build configuration list for PBXNativeTarget "BabylonTest" */;
			buildPhases = (
				706C9D74C1A3F4704D12111D /* Check Pods Manifest.lock */,
				1F5DEBDE1C994B0C006293F6 /* Sources */,
				1F5DEBDF1C994B0C006293F6 /* Frameworks */,
				1F5DEBE01C994B0C006293F6 /* Resources */,
				F56235962BA056661ED3495F /* Embed Pods Frameworks */,
				91BFA376292EDD24CBCD7AE9 /* Copy Pods Resources */,
			);
			buildRules = (
			);
			dependencies = (
			);
			name = BabylonTest;
			productName = BabylonTest;
			productReference = 1F5DEBE21C994B0C006293F6 /* BabylonTest.app */;
			productType = "com.apple.product-type.application";
		};
		1F5DEBFA1C994B0C006293F6 /* BabylonTestTests */ = {
			isa = PBXNativeTarget;
			buildConfigurationList = 1F5DEC071C994B0C006293F6 /* Build configuration list for PBXNativeTarget "BabylonTestTests" */;
			buildPhases = (
				1F5DEBF71C994B0C006293F6 /* Sources */,
				1F5DEBF81C994B0C006293F6 /* Frameworks */,
				1F5DEBF91C994B0C006293F6 /* Resources */,
			);
			buildRules = (
			);
			dependencies = (
				1F5DEBFD1C994B0C006293F6 /* PBXTargetDependency */,
			);
			name = BabylonTestTests;
			productName = BabylonTestTests;
			productReference = 1F5DEBFB1C994B0C006293F6 /* BabylonTestTests.xctest */;
			productType = "com.apple.product-type.bundle.unit-test";
		};
/* End PBXNativeTarget section */

/* Begin PBXProject section */
		1F5DEBDA1C994B0C006293F6 /* Project object */ = {
			isa = PBXProject;
			attributes = {
				LastUpgradeCheck = 0720;
				ORGANIZATIONNAME = "Ironworks Media Ltd";
				TargetAttributes = {
					1F5DEBE11C994B0C006293F6 = {
						CreatedOnToolsVersion = 7.2.1;
					};
					1F5DEBFA1C994B0C006293F6 = {
						CreatedOnToolsVersion = 7.2.1;
						TestTargetID = 1F5DEBE11C994B0C006293F6;
					};
				};
			};
			buildConfigurationList = 1F5DEBDD1C994B0C006293F6 /* Build configuration list for PBXProject "BabylonTest" */;
			compatibilityVersion = "Xcode 3.2";
			developmentRegion = English;
			hasScannedForEncodings = 0;
			knownRegions = (
				en,
				Base,
			);
			mainGroup = 1F5DEBD91C994B0C006293F6;
			productRefGroup = 1F5DEBE31C994B0C006293F6 /* Products */;
			projectDirPath = "";
			projectRoot = "";
			targets = (
				1F5DEBE11C994B0C006293F6 /* BabylonTest */,
				1F5DEBFA1C994B0C006293F6 /* BabylonTestTests */,
			);
		};
/* End PBXProject section */

/* Begin PBXResourcesBuildPhase section */
		1F5DEBE01C994B0C006293F6 /* Resources */ = {
			isa = PBXResourcesBuildPhase;
			buildActionMask = 2147483647;
			files = (
				1F5DEBF51C994B0C006293F6 /* LaunchScreen.storyboard in Resources */,
				1F5DEBF21C994B0C006293F6 /* Assets.xcassets in Resources */,
				1F5DEBF01C994B0C006293F6 /* Main.storyboard in Resources */,
			);
			runOnlyForDeploymentPostprocessing = 0;
		};
		1F5DEBF91C994B0C006293F6 /* Resources */ = {
			isa = PBXResourcesBuildPhase;
			buildActionMask = 2147483647;
			files = (
			);
			runOnlyForDeploymentPostprocessing = 0;
		};
/* End PBXResourcesBuildPhase section */

/* Begin PBXShellScriptBuildPhase section */
		706C9D74C1A3F4704D12111D /* Check Pods Manifest.lock */ = {
			isa = PBXShellScriptBuildPhase;
			buildActionMask = 2147483647;
			files = (
			);
			inputPaths = (
			);
			name = "Check Pods Manifest.lock";
			outputPaths = (
			);
			runOnlyForDeploymentPostprocessing = 0;
			shellPath = /bin/sh;
			shellScript = "diff \"${PODS_ROOT}/../Podfile.lock\" \"${PODS_ROOT}/Manifest.lock\" > /dev/null\nif [[ $? != 0 ]] ; then\n    cat << EOM\nerror: The sandbox is not in sync with the Podfile.lock. Run 'pod install' or update your CocoaPods installation.\nEOM\n    exit 1\nfi\n";
			showEnvVarsInLog = 0;
		};
		91BFA376292EDD24CBCD7AE9 /* Copy Pods Resources */ = {
			isa = PBXShellScriptBuildPhase;
			buildActionMask = 2147483647;
			files = (
			);
			inputPaths = (
			);
			name = "Copy Pods Resources";
			outputPaths = (
			);
			runOnlyForDeploymentPostprocessing = 0;
			shellPath = /bin/sh;
			shellScript = "\"${SRCROOT}/Pods/Target Support Files/Pods-BabylonTest/Pods-BabylonTest-resources.sh\"\n";
			showEnvVarsInLog = 0;
		};
		F56235962BA056661ED3495F /* Embed Pods Frameworks */ = {
			isa = PBXShellScriptBuildPhase;
			buildActionMask = 2147483647;
			files = (
			);
			inputPaths = (
			);
			name = "Embed Pods Frameworks";
			outputPaths = (
			);
			runOnlyForDeploymentPostprocessing = 0;
			shellPath = /bin/sh;
			shellScript = "\"${SRCROOT}/Pods/Target Support Files/Pods-BabylonTest/Pods-BabylonTest-frameworks.sh\"\n";
			showEnvVarsInLog = 0;
		};
/* End PBXShellScriptBuildPhase section */

/* Begin PBXSourcesBuildPhase section */
		1F5DEBDE1C994B0C006293F6 /* Sources */ = {
			isa = PBXSourcesBuildPhase;
			buildActionMask = 2147483647;
			files = (
				1F5DEBED1C994B0C006293F6 /* ViewController.m in Sources */,
				1F5DEBEA1C994B0C006293F6 /* AppDelegate.m in Sources */,
				1F5DEBE71C994B0C006293F6 /* main.m in Sources */,
			);
			runOnlyForDeploymentPostprocessing = 0;
		};
		1F5DEBF71C994B0C006293F6 /* Sources */ = {
			isa = PBXSourcesBuildPhase;
			buildActionMask = 2147483647;
			files = (
				1FDBB0C51C9BEBA60075A174 /* CoreDataTests.m in Sources */,
			);
			runOnlyForDeploymentPostprocessing = 0;
		};
/* End PBXSourcesBuildPhase section */

/* Begin PBXTargetDependency section */
		1F5DEBFD1C994B0C006293F6 /* PBXTargetDependency */ = {
			isa = PBXTargetDependency;
			target = 1F5DEBE11C994B0C006293F6 /* BabylonTest */;
			targetProxy = 1F5DEBFC1C994B0C006293F6 /* PBXContainerItemProxy */;
		};
/* End PBXTargetDependency section */

/* Begin PBXVariantGroup section */
		1F5DEBEE1C994B0C006293F6 /* Main.storyboard */ = {
			isa = PBXVariantGroup;
			children = (
				1F5DEBEF1C994B0C006293F6 /* Base */,
			);
			name = Main.storyboard;
			sourceTree = "<group>";
		};
		1F5DEBF31C994B0C006293F6 /* LaunchScreen.storyboard */ = {
			isa = PBXVariantGroup;
			children = (
				1F5DEBF41C994B0C006293F6 /* Base */,
			);
			name = LaunchScreen.storyboard;
			sourceTree = "<group>";
		};
/* End PBXVariantGroup section */

/* Begin XCBuildConfiguration section */
		1F5DEC021C994B0C006293F6 /* Debug */ = {
			isa = XCBuildConfiguration;
			buildSettings = {
				ALWAYS_SEARCH_USER_PATHS = NO;
				CLANG_CXX_LANGUAGE_STANDARD = "gnu++0x";
				CLANG_CXX_LIBRARY = "libc++";
				CLANG_ENABLE_MODULES = YES;
				CLANG_ENABLE_OBJC_ARC = YES;
				CLANG_WARN_BOOL_CONVERSION = YES;
				CLANG_WARN_CONSTANT_CONVERSION = YES;
				CLANG_WARN_DIRECT_OBJC_ISA_USAGE = YES_ERROR;
				CLANG_WARN_EMPTY_BODY = YES;
				CLANG_WARN_ENUM_CONVERSION = YES;
				CLANG_WARN_INT_CONVERSION = YES;
				CLANG_WARN_OBJC_ROOT_CLASS = YES_ERROR;
				CLANG_WARN_UNREACHABLE_CODE = YES;
				CLANG_WARN__DUPLICATE_METHOD_MATCH = YES;
				"CODE_SIGN_IDENTITY[sdk=iphoneos*]" = "iPhone Developer";
				COPY_PHASE_STRIP = NO;
				DEBUG_INFORMATION_FORMAT = dwarf;
				ENABLE_STRICT_OBJC_MSGSEND = YES;
				ENABLE_TESTABILITY = YES;
				GCC_C_LANGUAGE_STANDARD = gnu99;
				GCC_DYNAMIC_NO_PIC = NO;
				GCC_NO_COMMON_BLOCKS = YES;
				GCC_OPTIMIZATION_LEVEL = 0;
				GCC_PREPROCESSOR_DEFINITIONS = (
					"DEBUG=1",
					"$(inherited)",
				);
				GCC_WARN_64_TO_32_BIT_CONVERSION = YES;
				GCC_WARN_ABOUT_RETURN_TYPE = YES_ERROR;
				GCC_WARN_UNDECLARED_SELECTOR = YES;
				GCC_WARN_UNINITIALIZED_AUTOS = YES_AGGRESSIVE;
				GCC_WARN_UNUSED_FUNCTION = YES;
				GCC_WARN_UNUSED_VARIABLE = YES;
				IPHONEOS_DEPLOYMENT_TARGET = 9.2;
				MTL_ENABLE_DEBUG_INFO = YES;
				ONLY_ACTIVE_ARCH = YES;
				SDKROOT = iphoneos;
			};
			name = Debug;
		};
		1F5DEC031C994B0C006293F6 /* Release */ = {
			isa = XCBuildConfiguration;
			buildSettings = {
				ALWAYS_SEARCH_USER_PATHS = NO;
				CLANG_CXX_LANGUAGE_STANDARD = "gnu++0x";
				CLANG_CXX_LIBRARY = "libc++";
				CLANG_ENABLE_MODULES = YES;
				CLANG_ENABLE_OBJC_ARC = YES;
				CLANG_WARN_BOOL_CONVERSION = YES;
				CLANG_WARN_CONSTANT_CONVERSION = YES;
				CLANG_WARN_DIRECT_OBJC_ISA_USAGE = YES_ERROR;
				CLANG_WARN_EMPTY_BODY = YES;
				CLANG_WARN_ENUM_CONVERSION = YES;
				CLANG_WARN_INT_CONVERSION = YES;
				CLANG_WARN_OBJC_ROOT_CLASS = YES_ERROR;
				CLANG_WARN_UNREACHABLE_CODE = YES;
				CLANG_WARN__DUPLICATE_METHOD_MATCH = YES;
				"CODE_SIGN_IDENTITY[sdk=iphoneos*]" = "iPhone Developer";
				COPY_PHASE_STRIP = NO;
				DEBUG_INFORMATION_FORMAT = "dwarf-with-dsym";
				ENABLE_NS_ASSERTIONS = NO;
				ENABLE_STRICT_OBJC_MSGSEND = YES;
				GCC_C_LANGUAGE_STANDARD = gnu99;
				GCC_NO_COMMON_BLOCKS = YES;
				GCC_WARN_64_TO_32_BIT_CONVERSION = YES;
				GCC_WARN_ABOUT_RETURN_TYPE = YES_ERROR;
				GCC_WARN_UNDECLARED_SELECTOR = YES;
				GCC_WARN_UNINITIALIZED_AUTOS = YES_AGGRESSIVE;
				GCC_WARN_UNUSED_FUNCTION = YES;
				GCC_WARN_UNUSED_VARIABLE = YES;
				IPHONEOS_DEPLOYMENT_TARGET = 9.2;
				MTL_ENABLE_DEBUG_INFO = NO;
				SDKROOT = iphoneos;
				VALIDATE_PRODUCT = YES;
			};
			name = Release;
		};
		1F5DEC051C994B0C006293F6 /* Debug */ = {
			isa = XCBuildConfiguration;
			baseConfigurationReference = 292AE7BE345E9FE9B78F4B7E /* Pods-BabylonTest.debug.xcconfig */;
			buildSettings = {
				ASSETCATALOG_COMPILER_APPICON_NAME = AppIcon;
				GCC_PRECOMPILE_PREFIX_HEADER = YES;
				GCC_PREFIX_HEADER = "$(PROJECT)/BabylonTest-Prefix.pch";
				INFOPLIST_FILE = BabylonTest/Info.plist;
				LD_RUNPATH_SEARCH_PATHS = "$(inherited) @executable_path/Frameworks";
				PRODUCT_BUNDLE_IDENTIFIER = uk.co.ironworksmedialimited.BabylonTest;
				PRODUCT_NAME = "$(TARGET_NAME)";
			};
			name = Debug;
		};
		1F5DEC061C994B0C006293F6 /* Release */ = {
			isa = XCBuildConfiguration;
			baseConfigurationReference = DD9F890FAEB3D0C332564660 /* Pods-BabylonTest.release.xcconfig */;
			buildSettings = {
				ASSETCATALOG_COMPILER_APPICON_NAME = AppIcon;
				GCC_PRECOMPILE_PREFIX_HEADER = YES;
				GCC_PREFIX_HEADER = "$(PROJECT)/BabylonTest-Prefix.pch";
				INFOPLIST_FILE = BabylonTest/Info.plist;
				LD_RUNPATH_SEARCH_PATHS = "$(inherited) @executable_path/Frameworks";
				PRODUCT_BUNDLE_IDENTIFIER = uk.co.ironworksmedialimited.BabylonTest;
				PRODUCT_NAME = "$(TARGET_NAME)";
			};
			name = Release;
		};
		1F5DEC081C994B0C006293F6 /* Debug */ = {
			isa = XCBuildConfiguration;
			baseConfigurationReference = 292AE7BE345E9FE9B78F4B7E /* Pods-BabylonTest.debug.xcconfig */;
			buildSettings = {
				BUNDLE_LOADER = "$(TEST_HOST)";
				GCC_PRECOMPILE_PREFIX_HEADER = YES;
				GCC_PREFIX_HEADER = "$(PROJECT)/BabylonTest-Prefix.pch";
				INFOPLIST_FILE = BabylonTestTests/Info.plist;
				LD_RUNPATH_SEARCH_PATHS = "$(inherited) @executable_path/Frameworks @loader_path/Frameworks";
				LIBRARY_SEARCH_PATHS = (
					"$(inherited)",
					"$(PROJECT_DIR)/build/Debug-iphoneos",
				);
				PRODUCT_BUNDLE_IDENTIFIER = uk.co.ironworksmedialimited.BabylonTestTests;
				PRODUCT_NAME = "$(TARGET_NAME)";
				TEST_HOST = "$(BUILT_PRODUCTS_DIR)/BabylonTest.app/BabylonTest";
			};
			name = Debug;
		};
		1F5DEC091C994B0C006293F6 /* Release */ = {
			isa = XCBuildConfiguration;
			buildSettings = {
				BUNDLE_LOADER = "$(TEST_HOST)";
				GCC_PRECOMPILE_PREFIX_HEADER = YES;
				GCC_PREFIX_HEADER = "$(PROJECT)/BabylonTest-Prefix.pch";
				INFOPLIST_FILE = BabylonTestTests/Info.plist;
				LD_RUNPATH_SEARCH_PATHS = "$(inherited) @executable_path/Frameworks @loader_path/Frameworks";
				LIBRARY_SEARCH_PATHS = (
					"$(inherited)",
					"$(PROJECT_DIR)/build/Debug-iphoneos",
				);
				PRODUCT_BUNDLE_IDENTIFIER = uk.co.ironworksmedialimited.BabylonTestTests;
				PRODUCT_NAME = "$(TARGET_NAME)";
				TEST_HOST = "$(BUILT_PRODUCTS_DIR)/BabylonTest.app/BabylonTest";
			};
			name = Release;
		};
/* End XCBuildConfiguration section */

/* Begin XCConfigurationList section */
		1F5DEBDD1C994B0C006293F6 /* Build configuration list for PBXProject "BabylonTest" */ = {
			isa = XCConfigurationList;
			buildConfigurations = (
				1F5DEC021C994B0C006293F6 /* Debug */,
				1F5DEC031C994B0C006293F6 /* Release */,
			);
			defaultConfigurationIsVisible = 0;
			defaultConfigurationName = Release;
		};
		1F5DEC041C994B0C006293F6 /* Build configuration list for PBXNativeTarget "BabylonTest" */ = {
			isa = XCConfigurationList;
			buildConfigurations = (
				1F5DEC051C994B0C006293F6 /* Debug */,
				1F5DEC061C994B0C006293F6 /* Release */,
			);
			defaultConfigurationIsVisible = 0;
			defaultConfigurationName = Release;
		};
		1F5DEC071C994B0C006293F6 /* Build configuration list for PBXNativeTarget "BabylonTestTests" */ = {
			isa = XCConfigurationList;
			buildConfigurations = (
				1F5DEC081C994B0C006293F6 /* Debug */,
				1F5DEC091C994B0C006293F6 /* Release */,
			);
			defaultConfigurationIsVisible = 0;
			defaultConfigurationName = Release;
		};
/* End XCConfigurationList section */
	};
	rootObject = 1F5DEBDA1C994B0C006293F6 /* Project object */;
}
